
Microsoft Visual Studio Solution File, Format Version 12.00
# Visual Studio Version 17
VisualStudioVersion = 17.8.34309.116
MinimumVisualStudioVersion = 10.0.40219.1
Project("{9A19103F-16F7-4668-BE54-9A1E7A4F7556}") = "EventHorizon.Abstractions", "Source\EventHorizon.Abstractions\EventHorizon.Abstractions.csproj", "{458396FB-75DB-4F49-AE93-06D0D883DF6D}"
EndProject
Project("{2150E333-8FDC-42A3-9474-1A3956D46DE8}") = "Examples", "Examples", "{F4FE40E3-64A8-4888-A671-F08E6BABA4B0}"
EndProject
Project("{9A19103F-16F7-4668-BE54-9A1E7A4F7556}") = "UserService", "Examples\UserService\UserService.csproj", "{FB8B9F7B-4CBE-49F4-9C0A-F68941632C68}"
EndProject
Project("{9A19103F-16F7-4668-BE54-9A1E7A4F7556}") = "PrivacyService", "Examples\PrivacyService\PrivacyService.csproj", "{7EC9B624-561F-4D3A-B17A-268F2960B819}"
EndProject
Project("{9A19103F-16F7-4668-BE54-9A1E7A4F7556}") = "MailService", "Examples\MailService\MailService.csproj", "{43696AFC-8FA4-4025-B0CD-3F2C91837963}"
EndProject
Project("{9A19103F-16F7-4668-BE54-9A1E7A4F7556}") = "OrderService", "Examples\OrderService\OrderService.csproj", "{F33641FB-D551-40B2-9A44-88DD40F49E19}"
EndProject
Project("{9A19103F-16F7-4668-BE54-9A1E7A4F7556}") = "Shared", "Examples\Shared\Shared.csproj", "{7CEF3CA3-258C-4AF8-9958-BE33B9401A9B}"
EndProject
Project("{FAE04EC0-301F-11D3-BF4B-00C04F79EFBC}") = "EventHorizon", "EventHorizon\EventHorizon.csproj", "{DC5BCF76-4EE7-4D22-AE52-A1FD9F698B56}"
EndProject
Global
	GlobalSection(SolutionConfigurationPlatforms) = preSolution
		Debug|Any CPU = Debug|Any CPU
		Release|Any CPU = Release|Any CPU
	EndGlobalSection
	GlobalSection(ProjectConfigurationPlatforms) = postSolution
		{458396FB-75DB-4F49-AE93-06D0D883DF6D}.Debug|Any CPU.ActiveCfg = Debug|Any CPU
		{458396FB-75DB-4F49-AE93-06D0D883DF6D}.Debug|Any CPU.Build.0 = Debug|Any CPU
		{458396FB-75DB-4F49-AE93-06D0D883DF6D}.Release|Any CPU.ActiveCfg = Release|Any CPU
		{458396FB-75DB-4F49-AE93-06D0D883DF6D}.Release|Any CPU.Build.0 = Release|Any CPU
		{FB8B9F7B-4CBE-49F4-9C0A-F68941632C68}.Debug|Any CPU.ActiveCfg = Debug|Any CPU
		{FB8B9F7B-4CBE-49F4-9C0A-F68941632C68}.Debug|Any CPU.Build.0 = Debug|Any CPU
		{FB8B9F7B-4CBE-49F4-9C0A-F68941632C68}.Release|Any CPU.ActiveCfg = Release|Any CPU
		{FB8B9F7B-4CBE-49F4-9C0A-F68941632C68}.Release|Any CPU.Build.0 = Release|Any CPU
		{7EC9B624-561F-4D3A-B17A-268F2960B819}.Debug|Any CPU.ActiveCfg = Debug|Any CPU
		{7EC9B624-561F-4D3A-B17A-268F2960B819}.Debug|Any CPU.Build.0 = Debug|Any CPU
		{7EC9B624-561F-4D3A-B17A-268F2960B819}.Release|Any CPU.ActiveCfg = Release|Any CPU
		{7EC9B624-561F-4D3A-B17A-268F2960B819}.Release|Any CPU.Build.0 = Release|Any CPU
		{43696AFC-8FA4-4025-B0CD-3F2C91837963}.Debug|Any CPU.ActiveCfg = Debug|Any CPU
		{43696AFC-8FA4-4025-B0CD-3F2C91837963}.Debug|Any CPU.Build.0 = Debug|Any CPU
		{43696AFC-8FA4-4025-B0CD-3F2C91837963}.Release|Any CPU.ActiveCfg = Release|Any CPU
		{43696AFC-8FA4-4025-B0CD-3F2C91837963}.Release|Any CPU.Build.0 = Release|Any CPU
		{F33641FB-D551-40B2-9A44-88DD40F49E19}.Debug|Any CPU.ActiveCfg = Debug|Any CPU
		{F33641FB-D551-40B2-9A44-88DD40F49E19}.Debug|Any CPU.Build.0 = Debug|Any CPU
		{F33641FB-D551-40B2-9A44-88DD40F49E19}.Release|Any CPU.ActiveCfg = Release|Any CPU
		{F33641FB-D551-40B2-9A44-88DD40F49E19}.Release|Any CPU.Build.0 = Release|Any CPU
		{7CEF3CA3-258C-4AF8-9958-BE33B9401A9B}.Debug|Any CPU.ActiveCfg = Debug|Any CPU
		{7CEF3CA3-258C-4AF8-9958-BE33B9401A9B}.Debug|Any CPU.Build.0 = Debug|Any CPU
		{7CEF3CA3-258C-4AF8-9958-BE33B9401A9B}.Release|Any CPU.ActiveCfg = Release|Any CPU
		{7CEF3CA3-258C-4AF8-9958-BE33B9401A9B}.Release|Any CPU.Build.0 = Release|Any CPU
		{DC5BCF76-4EE7-4D22-AE52-A1FD9F698B56}.Debug|Any CPU.ActiveCfg = Debug|Any CPU
		{DC5BCF76-4EE7-4D22-AE52-A1FD9F698B56}.Debug|Any CPU.Build.0 = Debug|Any CPU
		{DC5BCF76-4EE7-4D22-AE52-A1FD9F698B56}.Release|Any CPU.ActiveCfg = Release|Any CPU
		{DC5BCF76-4EE7-4D22-AE52-A1FD9F698B56}.Release|Any CPU.Build.0 = Release|Any CPU
	EndGlobalSection
	GlobalSection(SolutionProperties) = preSolution
		HideSolutionNode = FALSE
	EndGlobalSection
	GlobalSection(NestedProjects) = preSolution
		{FB8B9F7B-4CBE-49F4-9C0A-F68941632C68} = {F4FE40E3-64A8-4888-A671-F08E6BABA4B0}
		{7EC9B624-561F-4D3A-B17A-268F2960B819} = {F4FE40E3-64A8-4888-A671-F08E6BABA4B0}
		{43696AFC-8FA4-4025-B0CD-3F2C91837963} = {F4FE40E3-64A8-4888-A671-F08E6BABA4B0}
		{F33641FB-D551-40B2-9A44-88DD40F49E19} = {F4FE40E3-64A8-4888-A671-F08E6BABA4B0}
		{7CEF3CA3-258C-4AF8-9958-BE33B9401A9B} = {F4FE40E3-64A8-4888-A671-F08E6BABA4B0}
	EndGlobalSection
	GlobalSection(ExtensibilityGlobals) = postSolution
		SolutionGuid = {6591C92B-15A5-4B6F-B601-B0440D119C05}
	EndGlobalSection
EndGlobal
